<Solution>
  <Folder Name="/Solution Items/">
    <File Path="README.md" />
    <File Path="pack.ps1" />
    <File Path="pack.sh" />
  </Folder>
  <Project Path="src/DMXCore100.HomeAssistantPlugin/DMXCore100.HomeAssistantPlugin.csproj" />
  <Project Path="tests/DMXCore100.HomeAssistantPlugin.Tests/DMXCore100.HomeAssistantPlugin.Tests.csproj" />
  <Project Path="tools/DMXCore100.HomeAssistantPlugin.DevHost/DMXCore100.HomeAssistantPlugin.DevHost.csproj" />
</Solution>
